
Microsoft Visual Studio Solution File, Format Version 12.00
# Visual Studio Version 17
VisualStudioVersion = 17.14.37411.7 d17.14
MinimumVisualStudioVersion = 10.0.40219.1
Project("{FAE04EC0-301F-11D3-BF4B-00C04F79EFBC}") = "DemoConsoleLib5EC1A", "DemoConsoleLib5EC1A.csproj", "{AAFF75B3-6CD6-44E1-94C8-3C777EDEEFEF}"
EndProject
Global
	GlobalSection(SolutionConfigurationPlatforms) = preSolution
		Debug|Any CPU = Debug|Any CPU
		Release|Any CPU = Release|Any CPU
	EndGlobalSection
	GlobalSection(ProjectConfigurationPlatforms) = postSolution
		{AAFF75B3-6CD6-44E1-94C8-3C777EDEEFEF}.Debug|Any CPU.ActiveCfg = Debug|Any CPU
		{AAFF75B3-6CD6-44E1-94C8-3C777EDEEFEF}.Debug|Any CPU.Build.0 = Debug|Any CPU
		{AAFF75B3-6CD6-44E1-94C8-3C777EDEEFEF}.Release|Any CPU.ActiveCfg = Release|Any CPU
		{AAFF75B3-6CD6-44E1-94C8-3C777EDEEFEF}.Release|Any CPU.Build.0 = Release|Any CPU
	EndGlobalSection
	GlobalSection(SolutionProperties) = preSolution
		HideSolutionNode = FALSE
	EndGlobalSection
	GlobalSection(ExtensibilityGlobals) = postSolution
		SolutionGuid = {7AAEAF72-8BFD-446D-89A2-9708791E55A0}
	EndGlobalSection
EndGlobal
